// !$*UTF8*$!
{
	archiveVersion = 1;
	classes = {
	};
	objectVersion = 56;
	objects = {

/* Begin PBXBuildFile section */
		E4F2AE052A5F49430039DCAA /* Submission.swift in Sources */ = {isa = PBXBuildFile; fileRef = E4F2AE042A5F49430039DCAA /* Submission.swift */; };
		E4F2AE092A5F58C70039DCAA /* APIs.swift in Sources */ = {isa = PBXBuildFile; fileRef = E4F2AE082A5F58C70039DCAA /* APIs.swift */; };
		E4F2AE0B2A5F65070039DCAA /* Reachability.swift in Sources */ = {isa = PBXBuildFile; fileRef = E4F2AE0A2A5F65070039DCAA /* Reachability.swift */; };
		E4F593B52A58BC24007EFA8C /* WordPinApp.swift in Sources */ = {isa = PBXBuildFile; fileRef = E4F593B42A58BC24007EFA8C /* WordPinApp.swift */; };
		E4F593B72A58BC24007EFA8C /* ContentView.swift in Sources */ = {isa = PBXBuildFile; fileRef = E4F593B62A58BC24007EFA8C /* ContentView.swift */; };
		E4F593B92A58BC25007EFA8C /* Assets.xcassets in Resources */ = {isa = PBXBuildFile; fileRef = E4F593B82A58BC25007EFA8C /* Assets.xcassets */; };
		E4F593BC2A58BC25007EFA8C /* Preview Assets.xcassets in Resources */ = {isa = PBXBuildFile; fileRef = E4F593BB2A58BC25007EFA8C /* Preview Assets.xcassets */; };
		E4F593BE2A58BC25007EFA8C /* Persistence.swift in Sources */ = {isa = PBXBuildFile; fileRef = E4F593BD2A58BC25007EFA8C /* Persistence.swift */; };
		E4F593C12A58BC25007EFA8C /* WordPin.xcdatamodeld in Sources */ = {isa = PBXBuildFile; fileRef = E4F593BF2A58BC25007EFA8C /* WordPin.xcdatamodeld */; };
		E4F593CA2A58BCCE007EFA8C /* WordCollectionView.swift in Sources */ = {isa = PBXBuildFile; fileRef = E4F593C92A58BCCE007EFA8C /* WordCollectionView.swift */; };
		E4F593CC2A5DF65C007EFA8C /* URLTask.swift in Sources */ = {isa = PBXBuildFile; fileRef = E4F593CB2A5DF65C007EFA8C /* URLTask.swift */; };
		E4F593CF2A5F3C0B007EFA8C /* Submission_ext.swift in Sources */ = {isa = PBXBuildFile; fileRef = E4F593CE2A5F3C0B007EFA8C /* Submission_ext.swift */; };
/* End PBXBuildFile section */

/* Begin PBXFileReference section */
		E4F2AE042A5F49430039DCAA /* Submission.swift */ = {isa = PBXFileReference; lastKnownFileType = sourcecode.swift; path = Submission.swift; sourceTree = "<group>"; };
		E4F2AE082A5F58C70039DCAA /* APIs.swift */ = {isa = PBXFileReference; lastKnownFileType = sourcecode.swift; path = APIs.swift; sourceTree = "<group>"; };
		E4F2AE0A2A5F65070039DCAA /* Reachability.swift */ = {isa = PBXFileReference; lastKnownFileType = sourcecode.swift; path = Reachability.swift; sourceTree = "<group>"; };
		E4F593B12A58BC24007EFA8C /* WordPin.app */ = {isa = PBXFileReference; explicitFileType = wrapper.application; includeInIndex = 0; path = WordPin.app; sourceTree = BUILT_PRODUCTS_DIR; };
		E4F593B42A58BC24007EFA8C /* WordPinApp.swift */ = {isa = PBXFileReference; lastKnownFileType = sourcecode.swift; path = WordPinApp.swift; sourceTree = "<group>"; };
		E4F593B62A58BC24007EFA8C /* ContentView.swift */ = {isa = PBXFileReference; lastKnownFileType = sourcecode.swift; path = ContentView.swift; sourceTree = "<group>"; };
		E4F593B82A58BC25007EFA8C /* Assets.xcassets */ = {isa = PBXFileReference; lastKnownFileType = folder.assetcatalog; path = Assets.xcassets; sourceTree = "<group>"; };
		E4F593BB2A58BC25007EFA8C /* Preview Assets.xcassets */ = {isa = PBXFileReference; lastKnownFileType = folder.assetcatalog; path = "Preview Assets.xcassets"; sourceTree = "<group>"; };
		E4F593BD2A58BC25007EFA8C /* Persistence.swift */ = {isa = PBXFileReference; lastKnownFileType = sourcecode.swift; path = Persistence.swift; sourceTree = "<group>"; };
		E4F593C02A58BC25007EFA8C /* WordPin.xcdatamodel */ = {isa = PBXFileReference; lastKnownFileType = wrapper.xcdatamodel; path = WordPin.xcdatamodel; sourceTree = "<group>"; };
		E4F593C22A58BC25007EFA8C /* Info.plist */ = {isa = PBXFileReference; lastKnownFileType = text.plist.xml; path = Info.plist; sourceTree = "<group>"; };
		E4F593C92A58BCCE007EFA8C /* WordCollectionView.swift */ = {isa = PBXFileReference; lastKnownFileType = sourcecode.swift; path = WordCollectionView.swift; sourceTree = "<group>"; };
		E4F593CB2A5DF65C007EFA8C /* URLTask.swift */ = {isa = PBXFileReference; lastKnownFileType = sourcecode.swift; name = URLTask.swift; path = WordPin/Communication/URLTask.swift; sourceTree = SOURCE_ROOT; };
		E4F593CE2A5F3C0B007EFA8C /* Submission_ext.swift */ = {isa = PBXFileReference; lastKnownFileType = sourcecode.swift; path = Submission_ext.swift; sourceTree = "<group>"; };
/* End PBXFileReference section */

/* Begin PBXFrameworksBuildPhase section */
		E4F593AE2A58BC24007EFA8C /* Frameworks */ = {
			isa = PBXFrameworksBuildPhase;
			buildActionMask = 2147483647;
			files = (
			);
			runOnlyForDeploymentPostprocessing = 0;
		};
/* End PBXFrameworksBuildPhase section */

/* Begin PBXGroup section */
		E4F593A82A58BC24007EFA8C = {
			isa = PBXGroup;
			children = (
				E4F593B32A58BC24007EFA8C /* WordPin */,
				E4F593B22A58BC24007EFA8C /* Products */,
			);
			sourceTree = "<group>";
		};
		E4F593B22A58BC24007EFA8C /* Products */ = {
			isa = PBXGroup;
			children = (
				E4F593B12A58BC24007EFA8C /* WordPin.app */,
			);
			name = Products;
			sourceTree = "<group>";
		};
		E4F593B32A58BC24007EFA8C /* WordPin */ = {
			isa = PBXGroup;
			children = (
				E4F593B42A58BC24007EFA8C /* WordPinApp.swift */,
				E4F593D02A5F3C10007EFA8C /* Model */,
				E4F593C82A58BCB1007EFA8C /* View */,
				E4F593CD2A5DF6D3007EFA8C /* Communication */,
				E4F593B82A58BC25007EFA8C /* Assets.xcassets */,
				E4F593C22A58BC25007EFA8C /* Info.plist */,
				E4F593BF2A58BC25007EFA8C /* WordPin.xcdatamodeld */,
				E4F593BA2A58BC25007EFA8C /* Preview Content */,
			);
			path = WordPin;
			sourceTree = "<group>";
		};
		E4F593BA2A58BC25007EFA8C /* Preview Content */ = {
			isa = PBXGroup;
			children = (
				E4F593BB2A58BC25007EFA8C /* Preview Assets.xcassets */,
			);
			path = "Preview Content";
			sourceTree = "<group>";
		};
		E4F593C82A58BCB1007EFA8C /* View */ = {
			isa = PBXGroup;
			children = (
				E4F593B62A58BC24007EFA8C /* ContentView.swift */,
				E4F593C92A58BCCE007EFA8C /* WordCollectionView.swift */,
			);
			path = View;
			sourceTree = "<group>";
		};
		E4F593CD2A5DF6D3007EFA8C /* Communication */ = {
			isa = PBXGroup;
			children = (
				E4F593CB2A5DF65C007EFA8C /* URLTask.swift */,
				E4F2AE0A2A5F65070039DCAA /* Reachability.swift */,
				E4F2AE082A5F58C70039DCAA /* APIs.swift */,
				E4F593BD2A58BC25007EFA8C /* Persistence.swift */,
			);
			path = Communication;
			sourceTree = "<group>";
		};
		E4F593D02A5F3C10007EFA8C /* Model */ = {
			isa = PBXGroup;
			children = (
				E4F593CE2A5F3C0B007EFA8C /* Submission_ext.swift */,
				E4F2AE042A5F49430039DCAA /* Submission.swift */,
			);
			path = Model;
			sourceTree = "<group>";
		};
/* End PBXGroup section */

/* Begin PBXNativeTarget section */
		E4F593B02A58BC24007EFA8C /* WordPin */ = {
			isa = PBXNativeTarget;
			buildConfigurationList = E4F593C52A58BC25007EFA8C /* Build configuration list for PBXNativeTarget "WordPin" */;
			buildPhases = (
				E4F593AD2A58BC24007EFA8C /* Sources */,
				E4F593AE2A58BC24007EFA8C /* Frameworks */,
				E4F593AF2A58BC24007EFA8C /* Resources */,
			);
			buildRules = (
			);
			dependencies = (
			);
			name = WordPin;
			productName = WordPin;
			productReference = E4F593B12A58BC24007EFA8C /* WordPin.app */;
			productType = "com.apple.product-type.application";
		};
/* End PBXNativeTarget section */

/* Begin PBXProject section */
		E4F593A92A58BC24007EFA8C /* Project object */ = {
			isa = PBXProject;
			attributes = {
				BuildIndependentTargetsInParallel = 1;
				LastSwiftUpdateCheck = 1420;
				LastUpgradeCheck = 1420;
				TargetAttributes = {
					E4F593B02A58BC24007EFA8C = {
						CreatedOnToolsVersion = 14.2;
					};
				};
			};
			buildConfigurationList = E4F593AC2A58BC24007EFA8C /* Build configuration list for PBXProject "WordPin" */;
			compatibilityVersion = "Xcode 14.0";
			developmentRegion = en;
			hasScannedForEncodings = 0;
			knownRegions = (
				en,
				Base,
			);
			mainGroup = E4F593A82A58BC24007EFA8C;
			productRefGroup = E4F593B22A58BC24007EFA8C /* Products */;
			projectDirPath = "";
			projectRoot = "";
			targets = (
				E4F593B02A58BC24007EFA8C /* WordPin */,
			);
		};
/* End PBXProject section */

/* Begin PBXResourcesBuildPhase section */
		E4F593AF2A58BC24007EFA8C /* Resources */ = {
			isa = PBXResourcesBuildPhase;
			buildActionMask = 2147483647;
			files = (
				E4F593BC2A58BC25007EFA8C /* Preview Assets.xcassets in Resources */,
				E4F593B92A58BC25007EFA8C /* Assets.xcassets in Resources */,
			);
			runOnlyForDeploymentPostprocessing = 0;
		};
/* End PBXResourcesBuildPhase section */

/* Begin PBXSourcesBuildPhase section */
		E4F593AD2A58BC24007EFA8C /* Sources */ = {
			isa = PBXSourcesBuildPhase;
			buildActionMask = 2147483647;
			files = (
				E4F593BE2A58BC25007EFA8C /* Persistence.swift in Sources */,
				E4F593CA2A58BCCE007EFA8C /* WordCollectionView.swift in Sources */,
				E4F593CF2A5F3C0B007EFA8C /* Submission_ext.swift in Sources */,
				E4F593B72A58BC24007EFA8C /* ContentView.swift in Sources */,
				E4F593B52A58BC24007EFA8C /* WordPinApp.swift in Sources */,
				E4F593CC2A5DF65C007EFA8C /* URLTask.swift in Sources */,
				E4F593C12A58BC25007EFA8C /* WordPin.xcdatamodeld in Sources */,
				E4F2AE092A5F58C70039DCAA /* APIs.swift in Sources */,
				E4F2AE0B2A5F65070039DCAA /* Reachability.swift in Sources */,
				E4F2AE052A5F49430039DCAA /* Submission.swift in Sources */,
			);
			runOnlyForDeploymentPostprocessing = 0;
		};
/* End PBXSourcesBuildPhase section */

/* Begin XCBuildConfiguration section */
		E4F593C32A58BC25007EFA8C /* Debug */ = {
			isa = XCBuildConfiguration;
			buildSettings = {
				ALWAYS_SEARCH_USER_PATHS = NO;
				CLANG_ANALYZER_NONNULL = YES;
				CLANG_ANALYZER_NUMBER_OBJECT_CONVERSION = YES_AGGRESSIVE;
				CLANG_CXX_LANGUAGE_STANDARD = "gnu++20";
				CLANG_ENABLE_MODULES = YES;
				CLANG_ENABLE_OBJC_ARC = YES;
				CLANG_ENABLE_OBJC_WEAK = YES;
				CLANG_WARN_BLOCK_CAPTURE_AUTORELEASING = YES;
				CLANG_WARN_BOOL_CONVERSION = YES;
				CLANG_WARN_COMMA = YES;
				CLANG_WARN_CONSTANT_CONVERSION = YES;
				CLANG_WARN_DEPRECATED_OBJC_IMPLEMENTATIONS = YES;
				CLANG_WARN_DIRECT_OBJC_ISA_USAGE = YES_ERROR;
				CLANG_WARN_DOCUMENTATION_COMMENTS = YES;
				CLANG_WARN_EMPTY_BODY = YES;
				CLANG_WARN_ENUM_CONVERSION = YES;
				CLANG_WARN_INFINITE_RECURSION = YES;
				CLANG_WARN_INT_CONVERSION = YES;
				CLANG_WARN_NON_LITERAL_NULL_CONVERSION = YES;
				CLANG_WARN_OBJC_IMPLICIT_RETAIN_SELF = YES;
				CLANG_WARN_OBJC_LITERAL_CONVERSION = YES;
				CLANG_WARN_OBJC_ROOT_CLASS = YES_ERROR;
				CLANG_WARN_QUOTED_INCLUDE_IN_FRAMEWORK_HEADER = YES;
				CLANG_WARN_RANGE_LOOP_ANALYSIS = YES;
				CLANG_WARN_STRICT_PROTOTYPES = YES;
				CLANG_WARN_SUSPICIOUS_MOVE = YES;
				CLANG_WARN_UNGUARDED_AVAILABILITY = YES_AGGRESSIVE;
				CLANG_WARN_UNREACHABLE_CODE = YES;
				CLANG_WARN__DUPLICATE_METHOD_MATCH = YES;
				COPY_PHASE_STRIP = NO;
				DEBUG_INFORMATION_FORMAT = dwarf;
				ENABLE_STRICT_OBJC_MSGSEND = YES;
				ENABLE_TESTABILITY = YES;
				GCC_C_LANGUAGE_STANDARD = gnu11;
				GCC_DYNAMIC_NO_PIC = NO;
				GCC_NO_COMMON_BLOCKS = YES;
				GCC_OPTIMIZATION_LEVEL = 0;
				GCC_PREPROCESSOR_DEFINITIONS = (
					"DEBUG=1",
					"$(inherited)",
				);
				GCC_WARN_64_TO_32_BIT_CONVERSION = YES;
				GCC_WARN_ABOUT_RETURN_TYPE = YES_ERROR;
				GCC_WARN_UNDECLARED_SELECTOR = YES;
				GCC_WARN_UNINITIALIZED_AUTOS = YES_AGGRESSIVE;
				GCC_WARN_UNUSED_FUNCTION = YES;
				GCC_WARN_UNUSED_VARIABLE = YES;
				IPHONEOS_DEPLOYMENT_TARGET = 16.2;
				MTL_ENABLE_DEBUG_INFO = INCLUDE_SOURCE;
				MTL_FAST_MATH = YES;
				ONLY_ACTIVE_ARCH = YES;
				SDKROOT = iphoneos;
				SWIFT_ACTIVE_COMPILATION_CONDITIONS = DEBUG;
				SWIFT_OPTIMIZATION_LEVEL = "-Onone";
			};
			name = Debug;
		};
		E4F593C42A58BC25007EFA8C /* Release */ = {
			isa = XCBuildConfiguration;
			buildSettings = {
				ALWAYS_SEARCH_USER_PATHS = NO;
				CLANG_ANALYZER_NONNULL = YES;
				CLANG_ANALYZER_NUMBER_OBJECT_CONVERSION = YES_AGGRESSIVE;
				CLANG_CXX_LANGUAGE_STANDARD = "gnu++20";
				CLANG_ENABLE_MODULES = YES;
				CLANG_ENABLE_OBJC_ARC = YES;
				CLANG_ENABLE_OBJC_WEAK = YES;
				CLANG_WARN_BLOCK_CAPTURE_AUTORELEASING = YES;
				CLANG_WARN_BOOL_CONVERSION = YES;
				CLANG_WARN_COMMA = YES;
				CLANG_WARN_CONSTANT_CONVERSION = YES;
				CLANG_WARN_DEPRECATED_OBJC_IMPLEMENTATIONS = YES;
				CLANG_WARN_DIRECT_OBJC_ISA_USAGE = YES_ERROR;
				CLANG_WARN_DOCUMENTATION_COMMENTS = YES;
				CLANG_WARN_EMPTY_BODY = YES;
				CLANG_WARN_ENUM_CONVERSION = YES;
				CLANG_WARN_INFINITE_RECURSION = YES;
				CLANG_WARN_INT_CONVERSION = YES;
				CLANG_WARN_NON_LITERAL_NULL_CONVERSION = YES;
				CLANG_WARN_OBJC_IMPLICIT_RETAIN_SELF = YES;
				CLANG_WARN_OBJC_LITERAL_CONVERSION = YES;
				CLANG_WARN_OBJC_ROOT_CLASS = YES_ERROR;
				CLANG_WARN_QUOTED_INCLUDE_IN_FRAMEWORK_HEADER = YES;
				CLANG_WARN_RANGE_LOOP_ANALYSIS = YES;
				CLANG_WARN_STRICT_PROTOTYPES = YES;
				CLANG_WARN_SUSPICIOUS_MOVE = YES;
				CLANG_WARN_UNGUARDED_AVAILABILITY = YES_AGGRESSIVE;
				CLANG_WARN_UNREACHABLE_CODE = YES;
				CLANG_WARN__DUPLICATE_METHOD_MATCH = YES;
				COPY_PHASE_STRIP = NO;
				DEBUG_INFORMATION_FORMAT = "dwarf-with-dsym";
				ENABLE_NS_ASSERTIONS = NO;
				ENABLE_STRICT_OBJC_MSGSEND = YES;
				GCC_C_LANGUAGE_STANDARD = gnu11;
				GCC_NO_COMMON_BLOCKS = YES;
				GCC_WARN_64_TO_32_BIT_CONVERSION = YES;
				GCC_WARN_ABOUT_RETURN_TYPE = YES_ERROR;
				GCC_WARN_UNDECLARED_SELECTOR = YES;
				GCC_WARN_UNINITIALIZED_AUTOS = YES_AGGRESSIVE;
				GCC_WARN_UNUSED_FUNCTION = YES;
				GCC_WARN_UNUSED_VARIABLE = YES;
				IPHONEOS_DEPLOYMENT_TARGET = 16.2;
				MTL_ENABLE_DEBUG_INFO = NO;
				MTL_FAST_MATH = YES;
				SDKROOT = iphoneos;
				SWIFT_COMPILATION_MODE = wholemodule;
				SWIFT_OPTIMIZATION_LEVEL = "-O";
				VALIDATE_PRODUCT = YES;
			};
			name = Release;
		};
		E4F593C62A58BC25007EFA8C /* Debug */ = {
			isa = XCBuildConfiguration;
			buildSettings = {
				ASSETCATALOG_COMPILER_APPICON_NAME = AppIcon;
				ASSETCATALOG_COMPILER_GLOBAL_ACCENT_COLOR_NAME = AccentColor;
				CODE_SIGN_IDENTITY = "Apple Development";
				CODE_SIGN_STYLE = Automatic;
				CURRENT_PROJECT_VERSION = 1;
				DEVELOPMENT_ASSET_PATHS = "\"WordPin/Preview Content\"";
				DEVELOPMENT_TEAM = W9299UY4N9;
				ENABLE_PREVIEWS = YES;
				GENERATE_INFOPLIST_FILE = YES;
				INFOPLIST_KEY_UIApplicationSceneManifest_Generation = YES;
				INFOPLIST_KEY_UIApplicationSupportsIndirectInputEvents = YES;
				INFOPLIST_KEY_UILaunchScreen_Generation = YES;
				INFOPLIST_KEY_UISupportedInterfaceOrientations_iPad = "UIInterfaceOrientationPortrait UIInterfaceOrientationPortraitUpsideDown UIInterfaceOrientationLandscapeLeft UIInterfaceOrientationLandscapeRight";
				INFOPLIST_KEY_UISupportedInterfaceOrientations_iPhone = "UIInterfaceOrientationPortrait UIInterfaceOrientationLandscapeLeft UIInterfaceOrientationLandscapeRight";
				LD_RUNPATH_SEARCH_PATHS = (
					"$(inherited)",
					"@executable_path/Frameworks",
				);
				MARKETING_VERSION = 1.0;
				PRODUCT_BUNDLE_IDENTIFIER = carrism.WordPin;
				PRODUCT_NAME = "$(TARGET_NAME)";
				PROVISIONING_PROFILE_SPECIFIER = "";
				SWIFT_EMIT_LOC_STRINGS = YES;
				SWIFT_VERSION = 5.0;
				TARGETED_DEVICE_FAMILY = "1,2";
			};
			name = Debug;
		};
		E4F593C72A58BC25007EFA8C /* Release */ = {
			isa = XCBuildConfiguration;
			buildSettings = {
				ASSETCATALOG_COMPILER_APPICON_NAME = AppIcon;
				ASSETCATALOG_COMPILER_GLOBAL_ACCENT_COLOR_NAME = AccentColor;
				CODE_SIGN_IDENTITY = "Apple Development";
				CODE_SIGN_STYLE = Automatic;
				CURRENT_PROJECT_VERSION = 1;
				DEVELOPMENT_ASSET_PATHS = "\"WordPin/Preview Content\"";
				DEVELOPMENT_TEAM = W9299UY4N9;
				ENABLE_PREVIEWS = YES;
				GENERATE_INFOPLIST_FILE = YES;
				INFOPLIST_KEY_UIApplicationSceneManifest_Generation = YES;
				INFOPLIST_KEY_UIApplicationSupportsIndirectInputEvents = YES;
				INFOPLIST_KEY_UILaunchScreen_Generation = YES;
				INFOPLIST_KEY_UISupportedInterfaceOrientations_iPad = "UIInterfaceOrientationPortrait UIInterfaceOrientationPortraitUpsideDown UIInterfaceOrientationLandscapeLeft UIInterfaceOrientationLandscapeRight";
				INFOPLIST_KEY_UISupportedInterfaceOrientations_iPhone = "UIInterfaceOrientationPortrait UIInterfaceOrientationLandscapeLeft UIInterfaceOrientationLandscapeRight";
				LD_RUNPATH_SEARCH_PATHS = (
					"$(inherited)",
					"@executable_path/Frameworks",
				);
				MARKETING_VERSION = 1.0;
				PRODUCT_BUNDLE_IDENTIFIER = carrism.WordPin;
				PRODUCT_NAME = "$(TARGET_NAME)";
				PROVISIONING_PROFILE_SPECIFIER = "";
				SWIFT_EMIT_LOC_STRINGS = YES;
				SWIFT_VERSION = 5.0;
				TARGETED_DEVICE_FAMILY = "1,2";
			};
			name = Release;
		};
/* End XCBuildConfiguration section */

/* Begin XCConfigurationList section */
		E4F593AC2A58BC24007EFA8C /* Build configuration list for PBXProject "WordPin" */ = {
			isa = XCConfigurationList;
			buildConfigurations = (
				E4F593C32A58BC25007EFA8C /* Debug */,
				E4F593C42A58BC25007EFA8C /* Release */,
			);
			defaultConfigurationIsVisible = 0;
			defaultConfigurationName = Release;
		};
		E4F593C52A58BC25007EFA8C /* Build configuration list for PBXNativeTarget "WordPin" */ = {
			isa = XCConfigurationList;
			buildConfigurations = (
				E4F593C62A58BC25007EFA8C /* Debug */,
				E4F593C72A58BC25007EFA8C /* Release */,
			);
			defaultConfigurationIsVisible = 0;
			defaultConfigurationName = Release;
		};
/* End XCConfigurationList section */

/* Begin XCVersionGroup section */
		E4F593BF2A58BC25007EFA8C /* WordPin.xcdatamodeld */ = {
			isa = XCVersionGroup;
			children = (
				E4F593C02A58BC25007EFA8C /* WordPin.xcdatamodel */,
			);
			currentVersion = E4F593C02A58BC25007EFA8C /* WordPin.xcdatamodel */;
			path = WordPin.xcdatamodeld;
			sourceTree = "<group>";
			versionGroupType = wrapper.xcdatamodel;
		};
/* End XCVersionGroup section */
	};
	rootObject = E4F593A92A58BC24007EFA8C /* Project object */;
}
